
Microsoft Visual Studio Solution File, Format Version 12.00
# Visual Studio Version 17
VisualStudioVersion = 17.7.34009.444
MinimumVisualStudioVersion = 10.0.40219.1
Project("{FAE04EC0-301F-11D3-BF4B-00C04F79EFBC}") = "CrudDotNetMVC", "CrudDotNetMVC\CrudDotNetMVC.csproj", "{A261A9E3-2F64-4217-937D-A42981D4FF63}"
EndProject
Global
	GlobalSection(SolutionConfigurationPlatforms) = preSolution
		Debug|Any CPU = Debug|Any CPU
		Release|Any CPU = Release|Any CPU
	EndGlobalSection
	GlobalSection(ProjectConfigurationPlatforms) = postSolution
		{A261A9E3-2F64-4217-937D-A42981D4FF63}.Debug|Any CPU.ActiveCfg = Debug|Any CPU
		{A261A9E3-2F64-4217-937D-A42981D4FF63}.Debug|Any CPU.Build.0 = Debug|Any CPU
		{A261A9E3-2F64-4217-937D-A42981D4FF63}.Release|Any CPU.ActiveCfg = Release|Any CPU
		{A261A9E3-2F64-4217-937D-A42981D4FF63}.Release|Any CPU.Build.0 = Release|Any CPU
	EndGlobalSection
	GlobalSection(SolutionProperties) = preSolution
		HideSolutionNode = FALSE
	EndGlobalSection
	GlobalSection(ExtensibilityGlobals) = postSolution
		SolutionGuid = {4AA22CD8-B5D2-44EB-98C4-47D178F009A2}
	EndGlobalSection
EndGlobal
